// !$*UTF8*$!
{
	archiveVersion = 1;
	classes = {
	};
	objectVersion = 46;
	objects = {

/* Begin PBXBuildFile section */
		C91CCD4618EE1539007E716E /* Foundation.framework in Frameworks */ = {isa = PBXBuildFile; fileRef = C91CCD4518EE1539007E716E /* Foundation.framework */; };
		C91CCD4818EE1539007E716E /* CoreGraphics.framework in Frameworks */ = {isa = PBXBuildFile; fileRef = C91CCD4718EE1539007E716E /* CoreGraphics.framework */; };
		C91CCD4A18EE1539007E716E /* UIKit.framework in Frameworks */ = {isa = PBXBuildFile; fileRef = C91CCD4918EE1539007E716E /* UIKit.framework */; };
		C91CCD5018EE1539007E716E /* InfoPlist.strings in Resources */ = {isa = PBXBuildFile; fileRef = C91CCD4E18EE1539007E716E /* InfoPlist.strings */; };
		C91CCD5218EE1539007E716E /* main.m in Sources */ = {isa = PBXBuildFile; fileRef = C91CCD5118EE1539007E716E /* main.m */; };
		C91CCD5618EE1539007E716E /* AppDelegate.m in Sources */ = {isa = PBXBuildFile; fileRef = C91CCD5518EE1539007E716E /* AppDelegate.m */; };
		C91CCD5918EE1539007E716E /* Main.storyboard in Resources */ = {isa = PBXBuildFile; fileRef = C91CCD5718EE1539007E716E /* Main.storyboard */; };
		C91CCD5C18EE1539007E716E /* ViewController.m in Sources */ = {isa = PBXBuildFile; fileRef = C91CCD5B18EE1539007E716E /* ViewController.m */; };
		C91CCD5E18EE1539007E716E /* Images.xcassets in Resources */ = {isa = PBXBuildFile; fileRef = C91CCD5D18EE1539007E716E /* Images.xcassets */; };
		C91CCD6518EE1539007E716E /* XCTest.framework in Frameworks */ = {isa = PBXBuildFile; fileRef = C91CCD6418EE1539007E716E /* XCTest.framework */; };
		C91CCD6618EE1539007E716E /* Foundation.framework in Frameworks */ = {isa = PBXBuildFile; fileRef = C91CCD4518EE1539007E716E /* Foundation.framework */; };
		C91CCD6718EE1539007E716E /* UIKit.framework in Frameworks */ = {isa = PBXBuildFile; fileRef = C91CCD4918EE1539007E716E /* UIKit.framework */; };
		C91CCD6F18EE1539007E716E /* InfoPlist.strings in Resources */ = {isa = PBXBuildFile; fileRef = C91CCD6D18EE1539007E716E /* InfoPlist.strings */; };
		C91CCD7118EE1539007E716E /* CryptographyChallengeTests.m in Sources */ = {isa = PBXBuildFile; fileRef = C91CCD7018EE1539007E716E /* CryptographyChallengeTests.m */; };
/* End PBXBuildFile section */

/* Begin PBXContainerItemProxy section */
		C91CCD6818EE1539007E716E /* PBXContainerItemProxy */ = {
			isa = PBXContainerItemProxy;
			containerPortal = C91CCD3A18EE1539007E716E /* Project object */;
			proxyType = 1;
			remoteGlobalIDString = C91CCD4118EE1539007E716E;
			remoteInfo = CryptographyChallenge;
		};
/* End PBXContainerItemProxy section */

/* Begin PBXFileReference section */
		C91CCD4218EE1539007E716E /* CryptographyChallenge.app */ = {isa = PBXFileReference; explicitFileType = wrapper.application; includeInIndex = 0; path = CryptographyChallenge.app; sourceTree = BUILT_PRODUCTS_DIR; };
		C91CCD4518EE1539007E716E /* Foundation.framework */ = {isa = PBXFileReference; lastKnownFileType = wrapper.framework; name = Foundation.framework; path = System/Library/Frameworks/Foundation.framework; sourceTree = SDKROOT; };
		C91CCD4718EE1539007E716E /* CoreGraphics.framework */ = {isa = PBXFileReference; lastKnownFileType = wrapper.framework; name = CoreGraphics.framework; path = System/Library/Frameworks/CoreGraphics.framework; sourceTree = SDKROOT; };
		C91CCD4918EE1539007E716E /* UIKit.framework */ = {isa = PBXFileReference; lastKnownFileType = wrapper.framework; name = UIKit.framework; path = System/Library/Frameworks/UIKit.framework; sourceTree = SDKROOT; };
		C91CCD4D18EE1539007E716E /* CryptographyChallenge-Info.plist */ = {isa = PBXFileReference; lastKnownFileType = text.plist.xml; path = "CryptographyChallenge-Info.plist"; sourceTree = "<group>"; };
		C91CCD4F18EE1539007E716E /* en */ = {isa = PBXFileReference; lastKnownFileType = text.plist.strings; name = en; path = en.lproj/InfoPlist.strings; sourceTree = "<group>"; };
		C91CCD5118EE1539007E716E /* main.m */ = {isa = PBXFileReference; lastKnownFileType = sourcecode.c.objc; path = main.m; sourceTree = "<group>"; };
		C91CCD5318EE1539007E716E /* CryptographyChallenge-Prefix.pch */ = {isa = PBXFileReference; lastKnownFileType = sourcecode.c.h; path = "CryptographyChallenge-Prefix.pch"; sourceTree = "<group>"; };
		C91CCD5418EE1539007E716E /* AppDelegate.h */ = {isa = PBXFileReference; lastKnownFileType = sourcecode.c.h; path = AppDelegate.h; sourceTree = "<group>"; };
		C91CCD5518EE1539007E716E /* AppDelegate.m */ = {isa = PBXFileReference; lastKnownFileType = sourcecode.c.objc; path = AppDelegate.m; sourceTree = "<group>"; };
		C91CCD5818EE1539007E716E /* Base */ = {isa = PBXFileReference; lastKnownFileType = file.storyboard; name = Base; path = Base.lproj/Main.storyboard; sourceTree = "<group>"; };
		C91CCD5A18EE1539007E716E /* ViewController.h */ = {isa = PBXFileReference; lastKnownFileType = sourcecode.c.h; path = ViewController.h; sourceTree = "<group>"; };
		C91CCD5B18EE1539007E716E /* ViewController.m */ = {isa = PBXFileReference; lastKnownFileType = sourcecode.c.objc; path = ViewController.m; sourceTree = "<group>"; };
		C91CCD5D18EE1539007E716E /* Images.xcassets */ = {isa = PBXFileReference; lastKnownFileType = folder.assetcatalog; path = Images.xcassets; sourceTree = "<group>"; };
		C91CCD6318EE1539007E716E /* CryptographyChallengeTests.xctest */ = {isa = PBXFileReference; explicitFileType = wrapper.cfbundle; includeInIndex = 0; path = CryptographyChallengeTests.xctest; sourceTree = BUILT_PRODUCTS_DIR; };
		C91CCD6418EE1539007E716E /* XCTest.framework */ = {isa = PBXFileReference; lastKnownFileType = wrapper.framework; name = XCTest.framework; path = Library/Frameworks/XCTest.framework; sourceTree = DEVELOPER_DIR; };
		C91CCD6C18EE1539007E716E /* CryptographyChallengeTests-Info.plist */ = {isa = PBXFileReference; lastKnownFileType = text.plist.xml; path = "CryptographyChallengeTests-Info.plist"; sourceTree = "<group>"; };
		C91CCD6E18EE1539007E716E /* en */ = {isa = PBXFileReference; lastKnownFileType = text.plist.strings; name = en; path = en.lproj/InfoPlist.strings; sourceTree = "<group>"; };
		C91CCD7018EE1539007E716E /* CryptographyChallengeTests.m */ = {isa = PBXFileReference; lastKnownFileType = sourcecode.c.objc; path = CryptographyChallengeTests.m; sourceTree = "<group>"; };
/* End PBXFileReference section */

/* Begin PBXFrameworksBuildPhase section */
		C91CCD3F18EE1539007E716E /* Frameworks */ = {
			isa = PBXFrameworksBuildPhase;
			buildActionMask = 2147483647;
			files = (
				C91CCD4818EE1539007E716E /* CoreGraphics.framework in Frameworks */,
				C91CCD4A18EE1539007E716E /* UIKit.framework in Frameworks */,
				C91CCD4618EE1539007E716E /* Foundation.framework in Frameworks */,
			);
			runOnlyForDeploymentPostprocessing = 0;
		};
		C91CCD6018EE1539007E716E /* Frameworks */ = {
			isa = PBXFrameworksBuildPhase;
			buildActionMask = 2147483647;
			files = (
				C91CCD6518EE1539007E716E /* XCTest.framework in Frameworks */,
				C91CCD6718EE1539007E716E /* UIKit.framework in Frameworks */,
				C91CCD6618EE1539007E716E /* Foundation.framework in Frameworks */,
			);
			runOnlyForDeploymentPostprocessing = 0;
		};
/* End PBXFrameworksBuildPhase section */

/* Begin PBXGroup section */
		C91CCD3918EE1539007E716E = {
			isa = PBXGroup;
			children = (
				C91CCD4B18EE1539007E716E /* CryptographyChallenge */,
				C91CCD6A18EE1539007E716E /* CryptographyChallengeTests */,
				C91CCD4418EE1539007E716E /* Frameworks */,
				C91CCD4318EE1539007E716E /* Products */,
			);
			sourceTree = "<group>";
		};
		C91CCD4318EE1539007E716E /* Products */ = {
			isa = PBXGroup;
			children = (
				C91CCD4218EE1539007E716E /* CryptographyChallenge.app */,
				C91CCD6318EE1539007E716E /* CryptographyChallengeTests.xctest */,
			);
			name = Products;
			sourceTree = "<group>";
		};
		C91CCD4418EE1539007E716E /* Frameworks */ = {
			isa = PBXGroup;
			children = (
				C91CCD4518EE1539007E716E /* Foundation.framework */,
				C91CCD4718EE1539007E716E /* CoreGraphics.framework */,
				C91CCD4918EE1539007E716E /* UIKit.framework */,
				C91CCD6418EE1539007E716E /* XCTest.framework */,
			);
			name = Frameworks;
			sourceTree = "<group>";
		};
		C91CCD4B18EE1539007E716E /* CryptographyChallenge */ = {
			isa = PBXGroup;
			children = (
				C91CCD5418EE1539007E716E /* AppDelegate.h */,
				C91CCD5518EE1539007E716E /* AppDelegate.m */,
				C91CCD5718EE1539007E716E /* Main.storyboard */,
				C91CCD5A18EE1539007E716E /* ViewController.h */,
				C91CCD5B18EE1539007E716E /* ViewController.m */,
				C91CCD5D18EE1539007E716E /* Images.xcassets */,
				C91CCD4C18EE1539007E716E /* Supporting Files */,
			);
			path = CryptographyChallenge;
			sourceTree = "<group>";
		};
		C91CCD4C18EE1539007E716E /* Supporting Files */ = {
			isa = PBXGroup;
			children = (
				C91CCD4D18EE1539007E716E /* CryptographyChallenge-Info.plist */,
				C91CCD4E18EE1539007E716E /* InfoPlist.strings */,
				C91CCD5118EE1539007E716E /* main.m */,
				C91CCD5318EE1539007E716E /* CryptographyChallenge-Prefix.pch */,
			);
			name = "Supporting Files";
			sourceTree = "<group>";
		};
		C91CCD6A18EE1539007E716E /* CryptographyChallengeTests */ = {
			isa = PBXGroup;
			children = (
				C91CCD7018EE1539007E716E /* CryptographyChallengeTests.m */,
				C91CCD6B18EE1539007E716E /* Supporting Files */,
			);
			path = CryptographyChallengeTests;
			sourceTree = "<group>";
		};
		C91CCD6B18EE1539007E716E /* Supporting Files */ = {
			isa = PBXGroup;
			children = (
				C91CCD6C18EE1539007E716E /* CryptographyChallengeTests-Info.plist */,
				C91CCD6D18EE1539007E716E /* InfoPlist.strings */,
			);
			name = "Supporting Files";
			sourceTree = "<group>";
		};
/* End PBXGroup section */

/* Begin PBXNativeTarget section */
		C91CCD4118EE1539007E716E /* CryptographyChallenge */ = {
			isa = PBXNativeTarget;
			buildConfigurationList = C91CCD7418EE1539007E716E /* Build configuration list for PBXNativeTarget "CryptographyChallenge" */;
			buildPhases = (
				C91CCD3E18EE1539007E716E /* Sources */,
				C91CCD3F18EE1539007E716E /* Frameworks */,
				C91CCD4018EE1539007E716E /* Resources */,
			);
			buildRules = (
			);
			dependencies = (
			);
			name = CryptographyChallenge;
			productName = CryptographyChallenge;
			productReference = C91CCD4218EE1539007E716E /* CryptographyChallenge.app */;
			productType = "com.apple.product-type.application";
		};
		C91CCD6218EE1539007E716E /* CryptographyChallengeTests */ = {
			isa = PBXNativeTarget;
			buildConfigurationList = C91CCD7718EE1539007E716E /* Build configuration list for PBXNativeTarget "CryptographyChallengeTests" */;
			buildPhases = (
				C91CCD5F18EE1539007E716E /* Sources */,
				C91CCD6018EE1539007E716E /* Frameworks */,
				C91CCD6118EE1539007E716E /* Resources */,
			);
			buildRules = (
			);
			dependencies = (
				C91CCD6918EE1539007E716E /* PBXTargetDependency */,
			);
			name = CryptographyChallengeTests;
			productName = CryptographyChallengeTests;
			productReference = C91CCD6318EE1539007E716E /* CryptographyChallengeTests.xctest */;
			productType = "com.apple.product-type.bundle.unit-test";
		};
/* End PBXNativeTarget section */

/* Begin PBXProject section */
		C91CCD3A18EE1539007E716E /* Project object */ = {
			isa = PBXProject;
			attributes = {
				LastUpgradeCheck = 0510;
				ORGANIZATIONNAME = "Matthew Voracek";
				TargetAttributes = {
					C91CCD6218EE1539007E716E = {
						TestTargetID = C91CCD4118EE1539007E716E;
					};
				};
			};
			buildConfigurationList = C91CCD3D18EE1539007E716E /* Build configuration list for PBXProject "CryptographyChallenge" */;
			compatibilityVersion = "Xcode 3.2";
			developmentRegion = English;
			hasScannedForEncodings = 0;
			knownRegions = (
				en,
				Base,
			);
			mainGroup = C91CCD3918EE1539007E716E;
			productRefGroup = C91CCD4318EE1539007E716E /* Products */;
			projectDirPath = "";
			projectRoot = "";
			targets = (
				C91CCD4118EE1539007E716E /* CryptographyChallenge */,
				C91CCD6218EE1539007E716E /* CryptographyChallengeTests */,
			);
		};
/* End PBXProject section */

/* Begin PBXResourcesBuildPhase section */
		C91CCD4018EE1539007E716E /* Resources */ = {
			isa = PBXResourcesBuildPhase;
			buildActionMask = 2147483647;
			files = (
				C91CCD5E18EE1539007E716E /* Images.xcassets in Resources */,
				C91CCD5018EE1539007E716E /* InfoPlist.strings in Resources */,
				C91CCD5918EE1539007E716E /* Main.storyboard in Resources */,
			);
			runOnlyForDeploymentPostprocessing = 0;
		};
		C91CCD6118EE1539007E716E /* Resources */ = {
			isa = PBXResourcesBuildPhase;
			buildActionMask = 2147483647;
			files = (
				C91CCD6F18EE1539007E716E /* InfoPlist.strings in Resources */,
			);
			runOnlyForDeploymentPostprocessing = 0;
		};
/* End PBXResourcesBuildPhase section */

/* Begin PBXSourcesBuildPhase section */
		C91CCD3E18EE1539007E716E /* Sources */ = {
			isa = PBXSourcesBuildPhase;
			buildActionMask = 2147483647;
			files = (
				C91CCD5C18EE1539007E716E /* ViewController.m in Sources */,
				C91CCD5618EE1539007E716E /* AppDelegate.m in Sources */,
				C91CCD5218EE1539007E716E /* main.m in Sources */,
			);
			runOnlyForDeploymentPostprocessing = 0;
		};
		C91CCD5F18EE1539007E716E /* Sources */ = {
			isa = PBXSourcesBuildPhase;
			buildActionMask = 2147483647;
			files = (
				C91CCD7118EE1539007E716E /* CryptographyChallengeTests.m in Sources */,
			);
			runOnlyForDeploymentPostprocessing = 0;
		};
/* End PBXSourcesBuildPhase section */

/* Begin PBXTargetDependency section */
		C91CCD6918EE1539007E716E /* PBXTargetDependency */ = {
			isa = PBXTargetDependency;
			target = C91CCD4118EE1539007E716E /* CryptographyChallenge */;
			targetProxy = C91CCD6818EE1539007E716E /* PBXContainerItemProxy */;
		};
/* End PBXTargetDependency section */

/* Begin PBXVariantGroup section */
		C91CCD4E18EE1539007E716E /* InfoPlist.strings */ = {
			isa = PBXVariantGroup;
			children = (
				C91CCD4F18EE1539007E716E /* en */,
			);
			name = InfoPlist.strings;
			sourceTree = "<group>";
		};
		C91CCD5718EE1539007E716E /* Main.storyboard */ = {
			isa = PBXVariantGroup;
			children = (
				C91CCD5818EE1539007E716E /* Base */,
			);
			name = Main.storyboard;
			sourceTree = "<group>";
		};
		C91CCD6D18EE1539007E716E /* InfoPlist.strings */ = {
			isa = PBXVariantGroup;
			children = (
				C91CCD6E18EE1539007E716E /* en */,
			);
			name = InfoPlist.strings;
			sourceTree = "<group>";
		};
/* End PBXVariantGroup section */

/* Begin XCBuildConfiguration section */
		C91CCD7218EE1539007E716E /* Debug */ = {
			isa = XCBuildConfiguration;
			buildSettings = {
				ALWAYS_SEARCH_USER_PATHS = NO;
				CLANG_CXX_LANGUAGE_STANDARD = "gnu++0x";
				CLANG_CXX_LIBRARY = "libc++";
				CLANG_ENABLE_MODULES = YES;
				CLANG_ENABLE_OBJC_ARC = YES;
				CLANG_WARN_BOOL_CONVERSION = YES;
				CLANG_WARN_CONSTANT_CONVERSION = YES;
				CLANG_WARN_DIRECT_OBJC_ISA_USAGE = YES_ERROR;
				CLANG_WARN_EMPTY_BODY = YES;
				CLANG_WARN_ENUM_CONVERSION = YES;
				CLANG_WARN_INT_CONVERSION = YES;
				CLANG_WARN_OBJC_ROOT_CLASS = YES_ERROR;
				CLANG_WARN__DUPLICATE_METHOD_MATCH = YES;
				"CODE_SIGN_IDENTITY[sdk=iphoneos*]" = "iPhone Developer";
				COPY_PHASE_STRIP = NO;
				GCC_C_LANGUAGE_STANDARD = gnu99;
				GCC_DYNAMIC_NO_PIC = NO;
				GCC_OPTIMIZATION_LEVEL = 0;
				GCC_PREPROCESSOR_DEFINITIONS = (
					"DEBUG=1",
					"$(inherited)",
				);
				GCC_SYMBOLS_PRIVATE_EXTERN = NO;
				GCC_WARN_64_TO_32_BIT_CONVERSION = YES;
				GCC_WARN_ABOUT_RETURN_TYPE = YES_ERROR;
				GCC_WARN_UNDECLARED_SELECTOR = YES;
				GCC_WARN_UNINITIALIZED_AUTOS = YES_AGGRESSIVE;
				GCC_WARN_UNUSED_FUNCTION = YES;
				GCC_WARN_UNUSED_VARIABLE = YES;
				IPHONEOS_DEPLOYMENT_TARGET = 7.1;
				ONLY_ACTIVE_ARCH = YES;
				SDKROOT = iphoneos;
			};
			name = Debug;
		};
		C91CCD7318EE1539007E716E /* Release */ = {
			isa = XCBuildConfiguration;
			buildSettings = {
				ALWAYS_SEARCH_USER_PATHS = NO;
				CLANG_CXX_LANGUAGE_STANDARD = "gnu++0x";
				CLANG_CXX_LIBRARY = "libc++";
				CLANG_ENABLE_MODULES = YES;
				CLANG_ENABLE_OBJC_ARC = YES;
				CLANG_WARN_BOOL_CONVERSION = YES;
				CLANG_WARN_CONSTANT_CONVERSION = YES;
				CLANG_WARN_DIRECT_OBJC_ISA_USAGE = YES_ERROR;
				CLANG_WARN_EMPTY_BODY = YES;
				CLANG_WARN_ENUM_CONVERSION = YES;
				CLANG_WARN_INT_CONVERSION = YES;
				CLANG_WARN_OBJC_ROOT_CLASS = YES_ERROR;
				CLANG_WARN__DUPLICATE_METHOD_MATCH = YES;
				"CODE_SIGN_IDENTITY[sdk=iphoneos*]" = "iPhone Developer";
				COPY_PHASE_STRIP = YES;
				ENABLE_NS_ASSERTIONS = NO;
				GCC_C_LANGUAGE_STANDARD = gnu99;
				GCC_WARN_64_TO_32_BIT_CONVERSION = YES;
				GCC_WARN_ABOUT_RETURN_TYPE = YES_ERROR;
				GCC_WARN_UNDECLARED_SELECTOR = YES;
				GCC_WARN_UNINITIALIZED_AUTOS = YES_AGGRESSIVE;
				GCC_WARN_UNUSED_FUNCTION = YES;
				GCC_WARN_UNUSED_VARIABLE = YES;
				IPHONEOS_DEPLOYMENT_TARGET = 7.1;
				SDKROOT = iphoneos;
				VALIDATE_PRODUCT = YES;
			};
			name = Release;
		};
		C91CCD7518EE1539007E716E /* Debug */ = {
			isa = XCBuildConfiguration;
			buildSettings = {
				ASSETCATALOG_COMPILER_APPICON_NAME = AppIcon;
				ASSETCATALOG_COMPILER_LAUNCHIMAGE_NAME = LaunchImage;
				GCC_PRECOMPILE_PREFIX_HEADER = YES;
				GCC_PREFIX_HEADER = "CryptographyChallenge/CryptographyChallenge-Prefix.pch";
				INFOPLIST_FILE = "CryptographyChallenge/CryptographyChallenge-Info.plist";
				PRODUCT_NAME = "$(TARGET_NAME)";
				WRAPPER_EXTENSION = app;
			};
			name = Debug;
		};
		C91CCD7618EE1539007E716E /* Release */ = {
			isa = XCBuildConfiguration;
			buildSettings = {
				ASSETCATALOG_COMPILER_APPICON_NAME = AppIcon;
				ASSETCATALOG_COMPILER_LAUNCHIMAGE_NAME = LaunchImage;
				GCC_PRECOMPILE_PREFIX_HEADER = YES;
				GCC_PREFIX_HEADER = "CryptographyChallenge/CryptographyChallenge-Prefix.pch";
				INFOPLIST_FILE = "CryptographyChallenge/CryptographyChallenge-Info.plist";
				PRODUCT_NAME = "$(TARGET_NAME)";
				WRAPPER_EXTENSION = app;
			};
			name = Release;
		};
		C91CCD7818EE1539007E716E /* Debug */ = {
			isa = XCBuildConfiguration;
			buildSettings = {
				BUNDLE_LOADER = "$(BUILT_PRODUCTS_DIR)/CryptographyChallenge.app/CryptographyChallenge";
				FRAMEWORK_SEARCH_PATHS = (
					"$(SDKROOT)/Developer/Library/Frameworks",
					"$(inherited)",
					"$(DEVELOPER_FRAMEWORKS_DIR)",
				);
				GCC_PRECOMPILE_PREFIX_HEADER = YES;
				GCC_PREFIX_HEADER = "CryptographyChallenge/CryptographyChallenge-Prefix.pch";
				GCC_PREPROCESSOR_DEFINITIONS = (
					"DEBUG=1",
					"$(inherited)",
				);
				INFOPLIST_FILE = "CryptographyChallengeTests/CryptographyChallengeTests-Info.plist";
				PRODUCT_NAME = "$(TARGET_NAME)";
				TEST_HOST = "$(BUNDLE_LOADER)";
				WRAPPER_EXTENSION = xctest;
			};
			name = Debug;
		};
		C91CCD7918EE1539007E716E /* Release */ = {
			isa = XCBuildConfiguration;
			buildSettings = {
				BUNDLE_LOADER = "$(BUILT_PRODUCTS_DIR)/CryptographyChallenge.app/CryptographyChallenge";
				FRAMEWORK_SEARCH_PATHS = (
					"$(SDKROOT)/Developer/Library/Frameworks",
					"$(inherited)",
					"$(DEVELOPER_FRAMEWORKS_DIR)",
				);
				GCC_PRECOMPILE_PREFIX_HEADER = YES;
				GCC_PREFIX_HEADER = "CryptographyChallenge/CryptographyChallenge-Prefix.pch";
				INFOPLIST_FILE = "CryptographyChallengeTests/CryptographyChallengeTests-Info.plist";
				PRODUCT_NAME = "$(TARGET_NAME)";
				TEST_HOST = "$(BUNDLE_LOADER)";
				WRAPPER_EXTENSION = xctest;
			};
			name = Release;
		};
/* End XCBuildConfiguration section */

/* Begin XCConfigurationList section */
		C91CCD3D18EE1539007E716E /* Build configuration list for PBXProject "CryptographyChallenge" */ = {
			isa = XCConfigurationList;
			buildConfigurations = (
				C91CCD7218EE1539007E716E /* Debug */,
				C91CCD7318EE1539007E716E /* Release */,
			);
			defaultConfigurationIsVisible = 0;
			defaultConfigurationName = Release;
		};
		C91CCD7418EE1539007E716E /* Build configuration list for PBXNativeTarget "CryptographyChallenge" */ = {
			isa = XCConfigurationList;
			buildConfigurations = (
				C91CCD7518EE1539007E716E /* Debug */,
				C91CCD7618EE1539007E716E /* Release */,
			);
			defaultConfigurationIsVisible = 0;
		};
		C91CCD7718EE1539007E716E /* Build configuration list for PBXNativeTarget "CryptographyChallengeTests" */ = {
			isa = XCConfigurationList;
			buildConfigurations = (
				C91CCD7818EE1539007E716E /* Debug */,
				C91CCD7918EE1539007E716E /* Release */,
			);
			defaultConfigurationIsVisible = 0;
		};
/* End XCConfigurationList section */
	};
	rootObject = C91CCD3A18EE1539007E716E /* Project object */;
}
